
Microsoft Visual Studio Solution File, Format Version 12.00
# Visual Studio Version 17
VisualStudioVersion = 17.5.33516.290
MinimumVisualStudioVersion = 10.0.40219.1
Project("{FAE04EC0-301F-11D3-BF4B-00C04F79EFBC}") = "CubeTester", "CubeTester\CubeTester.csproj", "{82465816-2854-4B90-A353-D515135226C2}"
EndProject
Global
	GlobalSection(SolutionConfigurationPlatforms) = preSolution
		Debug|Any CPU = Debug|Any CPU
		Release|Any CPU = Release|Any CPU
		RemoteDebug|Any CPU = RemoteDebug|Any CPU
	EndGlobalSection
	GlobalSection(ProjectConfigurationPlatforms) = postSolution
		{82465816-2854-4B90-A353-D515135226C2}.Debug|Any CPU.ActiveCfg = Debug|Any CPU
		{82465816-2854-4B90-A353-D515135226C2}.Debug|Any CPU.Build.0 = Debug|Any CPU
		{82465816-2854-4B90-A353-D515135226C2}.Release|Any CPU.ActiveCfg = Release|Any CPU
		{82465816-2854-4B90-A353-D515135226C2}.Release|Any CPU.Build.0 = Release|Any CPU
		{82465816-2854-4B90-A353-D515135226C2}.RemoteDebug|Any CPU.ActiveCfg = RemoteDebug|Any CPU
		{82465816-2854-4B90-A353-D515135226C2}.RemoteDebug|Any CPU.Build.0 = RemoteDebug|Any CPU
	EndGlobalSection
	GlobalSection(SolutionProperties) = preSolution
		HideSolutionNode = FALSE
	EndGlobalSection
	GlobalSection(ExtensibilityGlobals) = postSolution
		SolutionGuid = {B7635442-6303-4334-A855-5EB918E79F9A}
	EndGlobalSection
EndGlobal
